
Microsoft Visual Studio Solution File, Format Version 12.00
# Visual Studio 15
VisualStudioVersion = 15.0.27130.2026
MinimumVisualStudioVersion = 10.0.40219.1
Project("{FAE04EC0-301F-11D3-BF4B-00C04F79EFBC}") = "NewPlatform.Flexberry.ServiceBus.Editor.ODataBackend", "ODataBackend\NewPlatform.Flexberry.ServiceBus.Editor.ODataBackend.csproj", "{37D2F27F-21FB-4C73-896B-3C36F2676D31}"
EndProject
Project("{2150E333-8FDC-42A3-9474-1A3956D46DE8}") = "Open Source", "Open Source", "{B852AAF1-EC04-4DEF-A85D-FD0DA086AE2D}"
	ProjectSection(SolutionItems) = preProject
		.gitignore = .gitignore
		.travis.yml = .travis.yml
		CHANGELOG.md = CHANGELOG.md
		LICENSE = LICENSE
		README.md = README.md
	EndProjectSection
EndProject
Global
	GlobalSection(SolutionConfigurationPlatforms) = preSolution
		Debug|Any CPU = Debug|Any CPU
		Release|Any CPU = Release|Any CPU
	EndGlobalSection
	GlobalSection(ProjectConfigurationPlatforms) = postSolution
		{37D2F27F-21FB-4C73-896B-3C36F2676D31}.Debug|Any CPU.ActiveCfg = Debug|Any CPU
		{37D2F27F-21FB-4C73-896B-3C36F2676D31}.Debug|Any CPU.Build.0 = Debug|Any CPU
		{37D2F27F-21FB-4C73-896B-3C36F2676D31}.Release|Any CPU.ActiveCfg = Release|Any CPU
		{37D2F27F-21FB-4C73-896B-3C36F2676D31}.Release|Any CPU.Build.0 = Release|Any CPU
	EndGlobalSection
	GlobalSection(SolutionProperties) = preSolution
		HideSolutionNode = FALSE
	EndGlobalSection
	GlobalSection(ExtensibilityGlobals) = postSolution
		EnterpriseLibraryConfigurationToolBinariesPathV6 = packages\EnterpriseLibrary.Common.6.0.1304.0\lib\NET45;packages\EnterpriseLibrary.Logging.6.0.1304.0\lib\NET45
		SolutionGuid = {F815593C-DEAF-45A1-B991-A1322955BAF4}
	EndGlobalSection
EndGlobal
